
Microsoft Visual Studio Solution File, Format Version 12.00
# Visual Studio 14
VisualStudioVersion = 14.0.25420.1
MinimumVisualStudioVersion = 10.0.40219.1
Project("{FAE04EC0-301F-11D3-BF4B-00C04F79EFBC}") = "BaiTap", "bai1\BaiTap.csproj", "{4B9FC895-17DC-4999-9525-006AE4285BA3}"
EndProject
Project("{FAE04EC0-301F-11D3-BF4B-00C04F79EFBC}") = "Variable", "Variable\Variable.csproj", "{3E50EE69-8BF2-464D-8782-AAEBA8446E27}"
EndProject
Project("{FAE04EC0-301F-11D3-BF4B-00C04F79EFBC}") = "Operators", "Operators\Operators.csproj", "{A6D872CE-2465-42F6-85C4-F28B278AF548}"
EndProject
Project("{FAE04EC0-301F-11D3-BF4B-00C04F79EFBC}") = "ConditionalStatements", "ConditionalStatements\ConditionalStatements.csproj", "{0654E864-A98E-4D92-9D26-BA4927989C58}"
EndProject
Project("{FAE04EC0-301F-11D3-BF4B-00C04F79EFBC}") = "LoopStatement", "LoopStatement\LoopStatement.csproj", "{DDD1CFF6-0D68-4576-B654-80F5E09AA0B1}"
EndProject
Project("{FAE04EC0-301F-11D3-BF4B-00C04F79EFBC}") = "LoopWhileAndDo-While", "LoopWhileAndDo-While\LoopWhileAndDo-While.csproj", "{AB668AEC-C20E-4E9F-8874-654DFCBFA737}"
EndProject
Project("{FAE04EC0-301F-11D3-BF4B-00C04F79EFBC}") = "Arrays", "Arrays\Arrays.csproj", "{BED3F20E-C53A-4066-AD05-C0182900E81A}"
EndProject
Project("{FAE04EC0-301F-11D3-BF4B-00C04F79EFBC}") = "Csharp_02ToDay2.1", "Csharp_02ToDay\Csharp_02ToDay2.1.csproj", "{0A70C5DA-6323-43B9-B8D3-2E3F140FF6B5}"
EndProject
Project("{FAE04EC0-301F-11D3-BF4B-00C04F79EFBC}") = "Lab2_2", "Lab2_2\Lab2_2.csproj", "{7317E873-9514-4F41-BAC5-E07F7764BE6F}"
EndProject
Project("{FAE04EC0-301F-11D3-BF4B-00C04F79EFBC}") = "Lab04", "Lab04\Lab04.csproj", "{AC99BC63-69C2-415C-8F6F-F797A0B204F4}"
EndProject
Global
	GlobalSection(SolutionConfigurationPlatforms) = preSolution
		Debug|Any CPU = Debug|Any CPU
		Release|Any CPU = Release|Any CPU
	EndGlobalSection
	GlobalSection(ProjectConfigurationPlatforms) = postSolution
		{4B9FC895-17DC-4999-9525-006AE4285BA3}.Debug|Any CPU.ActiveCfg = Debug|Any CPU
		{4B9FC895-17DC-4999-9525-006AE4285BA3}.Debug|Any CPU.Build.0 = Debug|Any CPU
		{4B9FC895-17DC-4999-9525-006AE4285BA3}.Release|Any CPU.ActiveCfg = Release|Any CPU
		{4B9FC895-17DC-4999-9525-006AE4285BA3}.Release|Any CPU.Build.0 = Release|Any CPU
		{3E50EE69-8BF2-464D-8782-AAEBA8446E27}.Debug|Any CPU.ActiveCfg = Debug|Any CPU
		{3E50EE69-8BF2-464D-8782-AAEBA8446E27}.Debug|Any CPU.Build.0 = Debug|Any CPU
		{3E50EE69-8BF2-464D-8782-AAEBA8446E27}.Release|Any CPU.ActiveCfg = Release|Any CPU
		{3E50EE69-8BF2-464D-8782-AAEBA8446E27}.Release|Any CPU.Build.0 = Release|Any CPU
		{A6D872CE-2465-42F6-85C4-F28B278AF548}.Debug|Any CPU.ActiveCfg = Debug|Any CPU
		{A6D872CE-2465-42F6-85C4-F28B278AF548}.Debug|Any CPU.Build.0 = Debug|Any CPU
		{A6D872CE-2465-42F6-85C4-F28B278AF548}.Release|Any CPU.ActiveCfg = Release|Any CPU
		{A6D872CE-2465-42F6-85C4-F28B278AF548}.Release|Any CPU.Build.0 = Release|Any CPU
		{0654E864-A98E-4D92-9D26-BA4927989C58}.Debug|Any CPU.ActiveCfg = Debug|Any CPU
		{0654E864-A98E-4D92-9D26-BA4927989C58}.Debug|Any CPU.Build.0 = Debug|Any CPU
		{0654E864-A98E-4D92-9D26-BA4927989C58}.Release|Any CPU.ActiveCfg = Release|Any CPU
		{0654E864-A98E-4D92-9D26-BA4927989C58}.Release|Any CPU.Build.0 = Release|Any CPU
		{DDD1CFF6-0D68-4576-B654-80F5E09AA0B1}.Debug|Any CPU.ActiveCfg = Debug|Any CPU
		{DDD1CFF6-0D68-4576-B654-80F5E09AA0B1}.Debug|Any CPU.Build.0 = Debug|Any CPU
		{DDD1CFF6-0D68-4576-B654-80F5E09AA0B1}.Release|Any CPU.ActiveCfg = Release|Any CPU
		{DDD1CFF6-0D68-4576-B654-80F5E09AA0B1}.Release|Any CPU.Build.0 = Release|Any CPU
		{AB668AEC-C20E-4E9F-8874-654DFCBFA737}.Debug|Any CPU.ActiveCfg = Debug|Any CPU
		{AB668AEC-C20E-4E9F-8874-654DFCBFA737}.Debug|Any CPU.Build.0 = Debug|Any CPU
		{AB668AEC-C20E-4E9F-8874-654DFCBFA737}.Release|Any CPU.ActiveCfg = Release|Any CPU
		{AB668AEC-C20E-4E9F-8874-654DFCBFA737}.Release|Any CPU.Build.0 = Release|Any CPU
		{BED3F20E-C53A-4066-AD05-C0182900E81A}.Debug|Any CPU.ActiveCfg = Debug|Any CPU
		{BED3F20E-C53A-4066-AD05-C0182900E81A}.Debug|Any CPU.Build.0 = Debug|Any CPU
		{BED3F20E-C53A-4066-AD05-C0182900E81A}.Release|Any CPU.ActiveCfg = Release|Any CPU
		{BED3F20E-C53A-4066-AD05-C0182900E81A}.Release|Any CPU.Build.0 = Release|Any CPU
		{0A70C5DA-6323-43B9-B8D3-2E3F140FF6B5}.Debug|Any CPU.ActiveCfg = Debug|Any CPU
		{0A70C5DA-6323-43B9-B8D3-2E3F140FF6B5}.Debug|Any CPU.Build.0 = Debug|Any CPU
		{0A70C5DA-6323-43B9-B8D3-2E3F140FF6B5}.Release|Any CPU.ActiveCfg = Release|Any CPU
		{0A70C5DA-6323-43B9-B8D3-2E3F140FF6B5}.Release|Any CPU.Build.0 = Release|Any CPU
		{7317E873-9514-4F41-BAC5-E07F7764BE6F}.Debug|Any CPU.ActiveCfg = Debug|Any CPU
		{7317E873-9514-4F41-BAC5-E07F7764BE6F}.Debug|Any CPU.Build.0 = Debug|Any CPU
		{7317E873-9514-4F41-BAC5-E07F7764BE6F}.Release|Any CPU.ActiveCfg = Release|Any CPU
		{7317E873-9514-4F41-BAC5-E07F7764BE6F}.Release|Any CPU.Build.0 = Release|Any CPU
		{AC99BC63-69C2-415C-8F6F-F797A0B204F4}.Debug|Any CPU.ActiveCfg = Debug|Any CPU
		{AC99BC63-69C2-415C-8F6F-F797A0B204F4}.Debug|Any CPU.Build.0 = Debug|Any CPU
		{AC99BC63-69C2-415C-8F6F-F797A0B204F4}.Release|Any CPU.ActiveCfg = Release|Any CPU
		{AC99BC63-69C2-415C-8F6F-F797A0B204F4}.Release|Any CPU.Build.0 = Release|Any CPU
	EndGlobalSection
	GlobalSection(SolutionProperties) = preSolution
		HideSolutionNode = FALSE
	EndGlobalSection
EndGlobal
