
Microsoft Visual Studio Solution File, Format Version 12.00
# Visual Studio 14
VisualStudioVersion = 14.0.25420.1
MinimumVisualStudioVersion = 10.0.40219.1
Project("{FAE04EC0-301F-11D3-BF4B-00C04F79EFBC}") = "BaiTap", "bai1\BaiTap.csproj", "{4B9FC895-17DC-4999-9525-006AE4285BA3}"
EndProject
Project("{FAE04EC0-301F-11D3-BF4B-00C04F79EFBC}") = "Variable", "Variable\Variable.csproj", "{3E50EE69-8BF2-464D-8782-AAEBA8446E27}"
EndProject
Project("{FAE04EC0-301F-11D3-BF4B-00C04F79EFBC}") = "Operators", "Operators\Operators.csproj", "{A6D872CE-2465-42F6-85C4-F28B278AF548}"
EndProject
Project("{FAE04EC0-301F-11D3-BF4B-00C04F79EFBC}") = "ConditionalStatements", "ConditionalStatements\ConditionalStatements.csproj", "{0654E864-A98E-4D92-9D26-BA4927989C58}"
EndProject
Project("{FAE04EC0-301F-11D3-BF4B-00C04F79EFBC}") = "LoopStatement", "LoopStatement\LoopStatement.csproj", "{DDD1CFF6-0D68-4576-B654-80F5E09AA0B1}"
EndProject
Project("{FAE04EC0-301F-11D3-BF4B-00C04F79EFBC}") = "LoopWhileAndDo-While", "LoopWhileAndDo-While\LoopWhileAndDo-While.csproj", "{AB668AEC-C20E-4E9F-8874-654DFCBFA737}"
EndProject
Project("{FAE04EC0-301F-11D3-BF4B-00C04F79EFBC}") = "Arrays", "Arrays\Arrays.csproj", "{BED3F20E-C53A-4066-AD05-C0182900E81A}"
EndProject
Project("{FAE04EC0-301F-11D3-BF4B-00C04F79EFBC}") = "Csharp_02ToDay2.1", "Csharp_02ToDay\Csharp_02ToDay2.1.csproj", "{0A70C5DA-6323-43B9-B8D3-2E3F140FF6B5}"
EndProject
Project("{FAE04EC0-301F-11D3-BF4B-00C04F79EFBC}") = "Lab2_2", "Lab2_2\Lab2_2.csproj", "{7317E873-9514-4F41-BAC5-E07F7764BE6F}"
EndProject
Project("{FAE04EC0-301F-11D3-BF4B-00C04F79EFBC}") = "Lab04", "Lab04\Lab04.csproj", "{AC99BC63-69C2-415C-8F6F-F797A0B204F4}"
EndProject
Project("{FAE04EC0-301F-11D3-BF4B-00C04F79EFBC}") = "Lab05", "Lab05\Lab05.csproj", "{B8B7A47C-552C-4653-AAF0-E12AC3068E82}"
EndProject
Project("{FAE04EC0-301F-11D3-BF4B-00C04F79EFBC}") = "Lab05_1", "Lab05_1\Lab05_1.csproj", "{C9F59074-7085-40C9-9170-F7A6F14031F0}"
EndProject
Project("{FAE04EC0-301F-11D3-BF4B-00C04F79EFBC}") = "ExceptionHandling2", "ExceptionHandling2\ExceptionHandling2.csproj", "{F2698F37-6519-4D1F-A5AA-032BBDAE3633}"
EndProject
Project("{FAE04EC0-301F-11D3-BF4B-00C04F79EFBC}") = "LookupDictionary", "LookupDictionary\LookupDictionary.csproj", "{2319CE9D-327B-4303-B1AA-702AC74FE196}"
EndProject
Project("{FAE04EC0-301F-11D3-BF4B-00C04F79EFBC}") = "Lab6_ConnectSqlServer", "Lab6_ConnectSqlServer\Lab6_ConnectSqlServer.csproj", "{EF06007A-9962-4CDE-BAA0-DBB51EB7A584}"
EndProject
Project("{FAE04EC0-301F-11D3-BF4B-00C04F79EFBC}") = "Assignment1", "Assignment1\Assignment1.csproj", "{AA4C6A94-8D67-45F9-8D2F-1D8A811BB45B}"
EndProject
Project("{FAE04EC0-301F-11D3-BF4B-00C04F79EFBC}") = "Lab06", "Lab06\Lab06.csproj", "{724F6286-AA23-4C2E-A1EB-75C4604139FC}"
EndProject
Project("{FAE04EC0-301F-11D3-BF4B-00C04F79EFBC}") = "Lab07", "Lab07\Lab07.csproj", "{F1260926-55CF-4E91-8025-FA5AA88D0F6A}"
EndProject
Global
	GlobalSection(SolutionConfigurationPlatforms) = preSolution
		Debug|Any CPU = Debug|Any CPU
		Release|Any CPU = Release|Any CPU
	EndGlobalSection
	GlobalSection(ProjectConfigurationPlatforms) = postSolution
		{4B9FC895-17DC-4999-9525-006AE4285BA3}.Debug|Any CPU.ActiveCfg = Debug|Any CPU
		{4B9FC895-17DC-4999-9525-006AE4285BA3}.Debug|Any CPU.Build.0 = Debug|Any CPU
		{4B9FC895-17DC-4999-9525-006AE4285BA3}.Release|Any CPU.ActiveCfg = Release|Any CPU
		{4B9FC895-17DC-4999-9525-006AE4285BA3}.Release|Any CPU.Build.0 = Release|Any CPU
		{3E50EE69-8BF2-464D-8782-AAEBA8446E27}.Debug|Any CPU.ActiveCfg = Debug|Any CPU
		{3E50EE69-8BF2-464D-8782-AAEBA8446E27}.Debug|Any CPU.Build.0 = Debug|Any CPU
		{3E50EE69-8BF2-464D-8782-AAEBA8446E27}.Release|Any CPU.ActiveCfg = Release|Any CPU
		{3E50EE69-8BF2-464D-8782-AAEBA8446E27}.Release|Any CPU.Build.0 = Release|Any CPU
		{A6D872CE-2465-42F6-85C4-F28B278AF548}.Debug|Any CPU.ActiveCfg = Debug|Any CPU
		{A6D872CE-2465-42F6-85C4-F28B278AF548}.Debug|Any CPU.Build.0 = Debug|Any CPU
		{A6D872CE-2465-42F6-85C4-F28B278AF548}.Release|Any CPU.ActiveCfg = Release|Any CPU
		{A6D872CE-2465-42F6-85C4-F28B278AF548}.Release|Any CPU.Build.0 = Release|Any CPU
		{0654E864-A98E-4D92-9D26-BA4927989C58}.Debug|Any CPU.ActiveCfg = Debug|Any CPU
		{0654E864-A98E-4D92-9D26-BA4927989C58}.Debug|Any CPU.Build.0 = Debug|Any CPU
		{0654E864-A98E-4D92-9D26-BA4927989C58}.Release|Any CPU.ActiveCfg = Release|Any CPU
		{0654E864-A98E-4D92-9D26-BA4927989C58}.Release|Any CPU.Build.0 = Release|Any CPU
		{DDD1CFF6-0D68-4576-B654-80F5E09AA0B1}.Debug|Any CPU.ActiveCfg = Debug|Any CPU
		{DDD1CFF6-0D68-4576-B654-80F5E09AA0B1}.Debug|Any CPU.Build.0 = Debug|Any CPU
		{DDD1CFF6-0D68-4576-B654-80F5E09AA0B1}.Release|Any CPU.ActiveCfg = Release|Any CPU
		{DDD1CFF6-0D68-4576-B654-80F5E09AA0B1}.Release|Any CPU.Build.0 = Release|Any CPU
		{AB668AEC-C20E-4E9F-8874-654DFCBFA737}.Debug|Any CPU.ActiveCfg = Debug|Any CPU
		{AB668AEC-C20E-4E9F-8874-654DFCBFA737}.Debug|Any CPU.Build.0 = Debug|Any CPU
		{AB668AEC-C20E-4E9F-8874-654DFCBFA737}.Release|Any CPU.ActiveCfg = Release|Any CPU
		{AB668AEC-C20E-4E9F-8874-654DFCBFA737}.Release|Any CPU.Build.0 = Release|Any CPU
		{BED3F20E-C53A-4066-AD05-C0182900E81A}.Debug|Any CPU.ActiveCfg = Debug|Any CPU
		{BED3F20E-C53A-4066-AD05-C0182900E81A}.Debug|Any CPU.Build.0 = Debug|Any CPU
		{BED3F20E-C53A-4066-AD05-C0182900E81A}.Release|Any CPU.ActiveCfg = Release|Any CPU
		{BED3F20E-C53A-4066-AD05-C0182900E81A}.Release|Any CPU.Build.0 = Release|Any CPU
		{0A70C5DA-6323-43B9-B8D3-2E3F140FF6B5}.Debug|Any CPU.ActiveCfg = Debug|Any CPU
		{0A70C5DA-6323-43B9-B8D3-2E3F140FF6B5}.Debug|Any CPU.Build.0 = Debug|Any CPU
		{0A70C5DA-6323-43B9-B8D3-2E3F140FF6B5}.Release|Any CPU.ActiveCfg = Release|Any CPU
		{0A70C5DA-6323-43B9-B8D3-2E3F140FF6B5}.Release|Any CPU.Build.0 = Release|Any CPU
		{7317E873-9514-4F41-BAC5-E07F7764BE6F}.Debug|Any CPU.ActiveCfg = Debug|Any CPU
		{7317E873-9514-4F41-BAC5-E07F7764BE6F}.Debug|Any CPU.Build.0 = Debug|Any CPU
		{7317E873-9514-4F41-BAC5-E07F7764BE6F}.Release|Any CPU.ActiveCfg = Release|Any CPU
		{7317E873-9514-4F41-BAC5-E07F7764BE6F}.Release|Any CPU.Build.0 = Release|Any CPU
		{AC99BC63-69C2-415C-8F6F-F797A0B204F4}.Debug|Any CPU.ActiveCfg = Debug|Any CPU
		{AC99BC63-69C2-415C-8F6F-F797A0B204F4}.Debug|Any CPU.Build.0 = Debug|Any CPU
		{AC99BC63-69C2-415C-8F6F-F797A0B204F4}.Release|Any CPU.ActiveCfg = Release|Any CPU
		{AC99BC63-69C2-415C-8F6F-F797A0B204F4}.Release|Any CPU.Build.0 = Release|Any CPU
		{B8B7A47C-552C-4653-AAF0-E12AC3068E82}.Debug|Any CPU.ActiveCfg = Debug|Any CPU
		{B8B7A47C-552C-4653-AAF0-E12AC3068E82}.Debug|Any CPU.Build.0 = Debug|Any CPU
		{B8B7A47C-552C-4653-AAF0-E12AC3068E82}.Release|Any CPU.ActiveCfg = Release|Any CPU
		{B8B7A47C-552C-4653-AAF0-E12AC3068E82}.Release|Any CPU.Build.0 = Release|Any CPU
		{C9F59074-7085-40C9-9170-F7A6F14031F0}.Debug|Any CPU.ActiveCfg = Debug|Any CPU
		{C9F59074-7085-40C9-9170-F7A6F14031F0}.Debug|Any CPU.Build.0 = Debug|Any CPU
		{C9F59074-7085-40C9-9170-F7A6F14031F0}.Release|Any CPU.ActiveCfg = Release|Any CPU
		{C9F59074-7085-40C9-9170-F7A6F14031F0}.Release|Any CPU.Build.0 = Release|Any CPU
		{F2698F37-6519-4D1F-A5AA-032BBDAE3633}.Debug|Any CPU.ActiveCfg = Debug|Any CPU
		{F2698F37-6519-4D1F-A5AA-032BBDAE3633}.Debug|Any CPU.Build.0 = Debug|Any CPU
		{F2698F37-6519-4D1F-A5AA-032BBDAE3633}.Release|Any CPU.ActiveCfg = Release|Any CPU
		{F2698F37-6519-4D1F-A5AA-032BBDAE3633}.Release|Any CPU.Build.0 = Release|Any CPU
		{2319CE9D-327B-4303-B1AA-702AC74FE196}.Debug|Any CPU.ActiveCfg = Debug|Any CPU
		{2319CE9D-327B-4303-B1AA-702AC74FE196}.Debug|Any CPU.Build.0 = Debug|Any CPU
		{2319CE9D-327B-4303-B1AA-702AC74FE196}.Release|Any CPU.ActiveCfg = Release|Any CPU
		{2319CE9D-327B-4303-B1AA-702AC74FE196}.Release|Any CPU.Build.0 = Release|Any CPU
		{EF06007A-9962-4CDE-BAA0-DBB51EB7A584}.Debug|Any CPU.ActiveCfg = Debug|Any CPU
		{EF06007A-9962-4CDE-BAA0-DBB51EB7A584}.Debug|Any CPU.Build.0 = Debug|Any CPU
		{EF06007A-9962-4CDE-BAA0-DBB51EB7A584}.Release|Any CPU.ActiveCfg = Release|Any CPU
		{EF06007A-9962-4CDE-BAA0-DBB51EB7A584}.Release|Any CPU.Build.0 = Release|Any CPU
		{AA4C6A94-8D67-45F9-8D2F-1D8A811BB45B}.Debug|Any CPU.ActiveCfg = Debug|Any CPU
		{AA4C6A94-8D67-45F9-8D2F-1D8A811BB45B}.Debug|Any CPU.Build.0 = Debug|Any CPU
		{AA4C6A94-8D67-45F9-8D2F-1D8A811BB45B}.Release|Any CPU.ActiveCfg = Release|Any CPU
		{AA4C6A94-8D67-45F9-8D2F-1D8A811BB45B}.Release|Any CPU.Build.0 = Release|Any CPU
		{724F6286-AA23-4C2E-A1EB-75C4604139FC}.Debug|Any CPU.ActiveCfg = Debug|Any CPU
		{724F6286-AA23-4C2E-A1EB-75C4604139FC}.Debug|Any CPU.Build.0 = Debug|Any CPU
		{724F6286-AA23-4C2E-A1EB-75C4604139FC}.Release|Any CPU.ActiveCfg = Release|Any CPU
		{724F6286-AA23-4C2E-A1EB-75C4604139FC}.Release|Any CPU.Build.0 = Release|Any CPU
		{F1260926-55CF-4E91-8025-FA5AA88D0F6A}.Debug|Any CPU.ActiveCfg = Debug|Any CPU
		{F1260926-55CF-4E91-8025-FA5AA88D0F6A}.Debug|Any CPU.Build.0 = Debug|Any CPU
		{F1260926-55CF-4E91-8025-FA5AA88D0F6A}.Release|Any CPU.ActiveCfg = Release|Any CPU
		{F1260926-55CF-4E91-8025-FA5AA88D0F6A}.Release|Any CPU.Build.0 = Release|Any CPU
	EndGlobalSection
	GlobalSection(SolutionProperties) = preSolution
		HideSolutionNode = FALSE
	EndGlobalSection
EndGlobal
